# This file is automatically @generated by Cargo.
# It is not intended for manual editing.
version = 3

[[package]]
name = "aho-corasick"
version = "0.7.18"
source = "registry+https://github.com/rust-lang/crates.io-index"
checksum = "1e37cfd5e7657ada45f742d6e99ca5788580b5c529dc78faf11ece6dc702656f"
dependencies = [
 "memchr",
]

[[package]]
name = "atty"
version = "0.2.14"
source = "registry+https://github.com/rust-lang/crates.io-index"
checksum = "d9b39be18770d11421cdb1b9947a45dd3f37e93092cbf377614828a319d5fee8"
dependencies = [
 "hermit-abi",
 "libc",
 "winapi",
]

[[package]]
name = "autocfg"
version = "1.1.0"
source = "registry+https://github.com/rust-lang/crates.io-index"
checksum = "d468802bab17cbc0cc575e9b053f41e72aa36bfa6b7f55e3529ffa43161b97fa"

[[package]]
name = "bitflags"
version = "1.3.2"
source = "registry+https://github.com/rust-lang/crates.io-index"
checksum = "bef38d45163c2f1dde094a7dfd33ccf595c92905c8f8f4fdc18d06fb1037718a"

[[package]]
name = "cfg-if"
version = "1.0.0"
source = "registry+https://github.com/rust-lang/crates.io-index"
checksum = "baf1de4339761588bc0619e3cbc0120ee582ebb74b53b4efbf79117bd2da40fd"

[[package]]
name = "crossbeam-channel"
version = "0.5.4"
source = "registry+https://github.com/rust-lang/crates.io-index"
checksum = "5aaa7bd5fb665c6864b5f963dd9097905c54125909c7aa94c9e18507cdbe6c53"
dependencies = [
 "cfg-if",
 "crossbeam-utils",
]

[[package]]
name = "crossbeam-deque"
version = "0.8.1"
source = "registry+https://github.com/rust-lang/crates.io-index"
checksum = "6455c0ca19f0d2fbf751b908d5c55c1f5cbc65e03c4225427254b46890bdde1e"
dependencies = [
 "cfg-if",
 "crossbeam-epoch",
 "crossbeam-utils",
]

[[package]]
name = "crossbeam-epoch"
version = "0.9.8"
source = "registry+https://github.com/rust-lang/crates.io-index"
checksum = "1145cf131a2c6ba0615079ab6a638f7e1973ac9c2634fcbeaaad6114246efe8c"
dependencies = [
 "autocfg",
 "cfg-if",
 "crossbeam-utils",
 "lazy_static",
 "memoffset",
 "scopeguard",
]

[[package]]
name = "crossbeam-utils"
version = "0.8.8"
source = "registry+https://github.com/rust-lang/crates.io-index"
checksum = "0bf124c720b7686e3c2663cf54062ab0f68a88af2fb6a030e87e30bf721fcb38"
dependencies = [
 "cfg-if",
 "lazy_static",
]

[[package]]
name = "crunchy"
version = "0.2.2"
source = "registry+https://github.com/rust-lang/crates.io-index"
checksum = "7a81dae078cea95a014a339291cec439d2f232ebe854a9d672b796c6afafa9b7"

[[package]]
name = "either"
version = "1.6.1"
source = "registry+https://github.com/rust-lang/crates.io-index"
checksum = "e78d4f1cc4ae33bbfc157ed5d5a5ef3bc29227303d595861deb238fcec4e9457"

[[package]]
name = "env_logger"
version = "0.6.2"
source = "registry+https://github.com/rust-lang/crates.io-index"
checksum = "aafcde04e90a5226a6443b7aabdb016ba2f8307c847d524724bd9b346dd1a2d3"
dependencies = [
 "atty",
 "humantime",
 "log",
 "regex",
 "termcolor",
]

[[package]]
name = "fastrand"
version = "1.7.0"
source = "registry+https://github.com/rust-lang/crates.io-index"
checksum = "c3fcf0cee53519c866c09b5de1f6c56ff9d647101f81c1964fa632e148896cdf"
dependencies = [
 "instant",
]

[[package]]
name = "hermit-abi"
version = "0.1.19"
source = "registry+https://github.com/rust-lang/crates.io-index"
checksum = "62b467343b94ba476dcb2500d242dadbb39557df889310ac77c5d99100aaac33"
dependencies = [
 "libc",
]

[[package]]
name = "hex"
version = "0.4.3"
source = "registry+https://github.com/rust-lang/crates.io-index"
checksum = "7f24254aa9a54b5c858eaee2f5bccdb46aaf0e486a595ed5fd8f86ba55232a70"

[[package]]
name = "humantime"
version = "1.3.0"
source = "registry+https://github.com/rust-lang/crates.io-index"
checksum = "df004cfca50ef23c36850aaaa59ad52cc70d0e90243c3c7737a4dd32dc7a3c4f"
dependencies = [
 "quick-error",
]

[[package]]
name = "instant"
version = "0.1.12"
source = "registry+https://github.com/rust-lang/crates.io-index"
checksum = "7a5bbe824c507c5da5956355e86a746d82e0e1464f65d862cc5e71da70e94b2c"
dependencies = [
 "cfg-if",
]

[[package]]
name = "itertools"
version = "0.8.2"
source = "registry+https://github.com/rust-lang/crates.io-index"
checksum = "f56a2d0bc861f9165be4eb3442afd3c236d8a98afd426f65d92324ae1091a484"
dependencies = [
 "either",
]

[[package]]
name = "lazy_static"
version = "1.4.0"
source = "registry+https://github.com/rust-lang/crates.io-index"
checksum = "e2abad23fbc42b3700f2f279844dc832adb2b2eb069b2df918f455c4e18cc646"
dependencies = [
 "spin",
]

[[package]]
name = "libc"
version = "0.2.121"
source = "registry+https://github.com/rust-lang/crates.io-index"
checksum = "efaa7b300f3b5fe8eb6bf21ce3895e1751d9665086af2d64b42f19701015ff4f"

[[package]]
name = "log"
version = "0.4.14"
source = "registry+https://github.com/rust-lang/crates.io-index"
checksum = "51b9bbe6c47d51fc3e1a9b945965946b4c44142ab8792c50835a980d362c2710"
dependencies = [
 "cfg-if",
]

[[package]]
name = "memchr"
version = "2.4.1"
source = "registry+https://github.com/rust-lang/crates.io-index"
checksum = "308cc39be01b73d0d18f82a0e7b2a3df85245f84af96fdddc5d202d27e47b86a"

[[package]]
name = "memmap"
version = "0.7.0"
source = "registry+https://github.com/rust-lang/crates.io-index"
checksum = "6585fd95e7bb50d6cc31e20d4cf9afb4e2ba16c5846fc76793f11218da9c475b"
dependencies = [
 "libc",
 "winapi",
]

[[package]]
name = "memoffset"
version = "0.6.5"
source = "registry+https://github.com/rust-lang/crates.io-index"
checksum = "5aa361d4faea93603064a027415f07bd8e1d5c88c9fbf68bf56a285428fd79ce"
dependencies = [
 "autocfg",
]

[[package]]
name = "no-std-compat"
version = "0.1.1"
source = "registry+https://github.com/rust-lang/crates.io-index"
checksum = "6b5bf3e710f89f297c0a38b8a0fca4c6473782e057aa831440e3fa9a129ba2fc"

[[package]]
name = "num_cpus"
version = "1.13.1"
source = "registry+https://github.com/rust-lang/crates.io-index"
checksum = "19e64526ebdee182341572e50e9ad03965aa510cd94427a4549448f285e957a1"
dependencies = [
 "hermit-abi",
 "libc",
]

[[package]]
name = "proc-macro-hack"
version = "0.5.19"
source = "registry+https://github.com/rust-lang/crates.io-index"
checksum = "dbf0c48bc1d91375ae5c3cd81e3722dff1abcf81a30960240640d223f59fe0e5"

[[package]]
name = "proc-macro2"
version = "1.0.36"
source = "registry+https://github.com/rust-lang/crates.io-index"
checksum = "c7342d5883fbccae1cc37a2353b09c87c9b0f3afd73f5fb9bba687a1f733b029"
dependencies = [
 "unicode-xid",
]

[[package]]
name = "quick-error"
version = "1.2.3"
source = "registry+https://github.com/rust-lang/crates.io-index"
checksum = "a1d01941d82fa2ab50be1e79e6714289dd7cde78eba4c074bc5a4374f650dfe0"

[[package]]
name = "quote"
version = "1.0.16"
source = "registry+https://github.com/rust-lang/crates.io-index"
checksum = "b4af2ec4714533fcdf07e886f17025ace8b997b9ce51204ee69b6da831c3da57"
dependencies = [
 "proc-macro2",
]

[[package]]
name = "rayon"
version = "1.5.1"
source = "registry+https://github.com/rust-lang/crates.io-index"
checksum = "c06aca804d41dbc8ba42dfd964f0d01334eceb64314b9ecf7c5fad5188a06d90"
dependencies = [
 "autocfg",
 "crossbeam-deque",
 "either",
 "rayon-core",
]

[[package]]
name = "rayon-core"
version = "1.9.1"
source = "registry+https://github.com/rust-lang/crates.io-index"
checksum = "d78120e2c850279833f1dd3582f730c4ab53ed95aeaaaa862a2a5c71b1656d8e"
dependencies = [
 "crossbeam-channel",
 "crossbeam-deque",
 "crossbeam-utils",
 "lazy_static",
 "num_cpus",
]

[[package]]
name = "redox_syscall"
version = "0.2.11"
source = "registry+https://github.com/rust-lang/crates.io-index"
checksum = "8380fe0152551244f0747b1bf41737e0f8a74f97a14ccefd1148187271634f3c"
dependencies = [
 "bitflags",
]

[[package]]
name = "regex"
version = "1.5.5"
source = "registry+https://github.com/rust-lang/crates.io-index"
checksum = "1a11647b6b25ff05a515cb92c365cec08801e83423a235b51e231e1808747286"
dependencies = [
 "aho-corasick",
 "memchr",
 "regex-syntax",
]

[[package]]
name = "regex-syntax"
version = "0.6.25"
source = "registry+https://github.com/rust-lang/crates.io-index"
checksum = "f497285884f3fcff424ffc933e56d7cbca511def0c9831a7f9b5f6153e3cc89b"

[[package]]
name = "remove_dir_all"
version = "0.5.3"
source = "registry+https://github.com/rust-lang/crates.io-index"
checksum = "3acd125665422973a33ac9d3dd2df85edad0f4ae9b00dafb1a05e43a9f5ef8e7"
dependencies = [
 "winapi",
]

[[package]]
name = "scopeguard"
version = "1.1.0"
source = "registry+https://github.com/rust-lang/crates.io-index"
checksum = "d29ab0c6d3fc0ee92fe66e2d99f700eab17a8d57d1c1d3b748380fb20baa78cd"

[[package]]
name = "spin"
version = "0.5.2"
source = "registry+https://github.com/rust-lang/crates.io-index"
checksum = "6e63cff320ae2c57904679ba7cb63280a3dc4613885beafb148ee7bf9aa9042d"

[[package]]
name = "syn"
version = "1.0.89"
source = "registry+https://github.com/rust-lang/crates.io-index"
checksum = "ea297be220d52398dcc07ce15a209fce436d361735ac1db700cab3b6cdfb9f54"
dependencies = [
 "proc-macro2",
 "quote",
 "unicode-xid",
]

[[package]]
name = "tempfile"
version = "3.3.0"
source = "registry+https://github.com/rust-lang/crates.io-index"
checksum = "5cdb1ef4eaeeaddc8fbd371e5017057064af0911902ef36b39801f67cc6d79e4"
dependencies = [
 "cfg-if",
 "fastrand",
 "libc",
 "redox_syscall",
 "remove_dir_all",
 "winapi",
]

[[package]]
name = "termcolor"
version = "1.1.3"
source = "registry+https://github.com/rust-lang/crates.io-index"
checksum = "bab24d30b911b2376f3a13cc2cd443142f0c81dda04c118693e35b3835757755"
dependencies = [
 "winapi-util",
]

[[package]]
name = "tiny-keccak"
version = "1.5.0"
source = "registry+https://github.com/rust-lang/crates.io-index"
checksum = "1d8a021c69bb74a44ccedb824a046447e2c84a01df9e5c20779750acb38e11b2"
dependencies = [
 "crunchy",
]

[[package]]
name = "unicode-xid"
version = "0.2.2"
source = "registry+https://github.com/rust-lang/crates.io-index"
checksum = "8ccb82d61f80a663efe1f787a51b16b5a51e3314d6ac365b08639f52387b33f3"

[[package]]
name = "winapi"
version = "0.3.9"
source = "registry+https://github.com/rust-lang/crates.io-index"
checksum = "5c839a674fcd7a98952e593242ea400abe93992746761e38641405d28b00f419"
dependencies = [
 "winapi-i686-pc-windows-gnu",
 "winapi-x86_64-pc-windows-gnu",
]

[[package]]
name = "winapi-i686-pc-windows-gnu"
version = "0.4.0"
source = "registry+https://github.com/rust-lang/crates.io-index"
checksum = "ac3b87c63620426dd9b991e5ce0329eff545bccbbb34f3be09ff6fb6ab51b7b6"

[[package]]
name = "winapi-util"
version = "0.1.5"
source = "registry+https://github.com/rust-lang/crates.io-index"
checksum = "70ec6ce85bb158151cae5e5c87f95a8e97d2c0c4b001223f33a334e3ce5de178"
dependencies = [
 "winapi",
]

[[package]]
name = "winapi-x86_64-pc-windows-gnu"
version = "0.4.0"
source = "registry+https://github.com/rust-lang/crates.io-index"
checksum = "712e227841d057c1ee1cd2fb22fa7e5a5461ae8e48fa2ca79ec42cfc1931183f"

[[package]]
name = "zkp-elliptic-curve"
version = "0.1.0"
source = "registry+https://github.com/rust-lang/crates.io-index"
checksum = "4ccb8b8109b30e0d4a01a54e36e4c767df35f3b5d043b496eb4a49fcbebf82b1"
dependencies = [
 "itertools",
 "lazy_static",
 "no-std-compat",
 "tiny-keccak",
 "zkp-macros-decl",
 "zkp-primefield",
 "zkp-u256",
]

[[package]]
name = "zkp-elliptic-curve-crypto"
version = "0.1.0"
source = "registry+https://github.com/rust-lang/crates.io-index"
checksum = "754809f48d2f517ab6db4c6ec0a68b3d89b2522bcdbb5a643e4dead49bc497fe"
dependencies = [
 "itertools",
 "lazy_static",
 "no-std-compat",
 "tiny-keccak",
 "zkp-elliptic-curve",
 "zkp-macros-decl",
 "zkp-primefield",
 "zkp-u256",
]

[[package]]
name = "zkp-error-utils"
version = "0.1.0"
source = "registry+https://github.com/rust-lang/crates.io-index"
checksum = "5e02a162ae6337e443fec3e589f7dcf40d59b52c41dca2d85742163021d2b8fc"

[[package]]
name = "zkp-hash"
version = "0.1.0"
source = "registry+https://github.com/rust-lang/crates.io-index"
checksum = "8189537cc69a6c71c7205440f4d892b393f50cf0014a4ef5e64864da072b3df1"
dependencies = [
 "hex",
 "no-std-compat",
 "tiny-keccak",
 "zkp-macros-decl",
 "zkp-primefield",
 "zkp-u256",
]

[[package]]
name = "zkp-logging-allocator"
version = "0.1.0"
source = "registry+https://github.com/rust-lang/crates.io-index"
checksum = "a32d237a4219d4e2ba742f2f309c228c867010287fb76a356f93c02b66c76561"
dependencies = [
 "log",
]

[[package]]
name = "zkp-macros-decl"
version = "0.1.0"
source = "registry+https://github.com/rust-lang/crates.io-index"
checksum = "a3993801da712ae2ed9b56b1c7d0f32f1a082a3342835dee6bd0b44f00116a54"
dependencies = [
 "proc-macro-hack",
 "zkp-macros-impl",
]

[[package]]
name = "zkp-macros-impl"
version = "0.1.0"
source = "registry+https://github.com/rust-lang/crates.io-index"
checksum = "ad7d6e46961a3c9c8a0789ed52445430fbf8d210260c1d0c803f463668cef4bd"
dependencies = [
 "proc-macro-hack",
 "proc-macro2",
 "zkp-macros-lib",
]

[[package]]
name = "zkp-macros-lib"
version = "0.1.0"
source = "registry+https://github.com/rust-lang/crates.io-index"
checksum = "ab79250888afef50bd7b18427aa50cd48faca9f54f71013bd77c66cf6b558533"
dependencies = [
 "hex",
 "proc-macro2",
 "quote",
 "syn",
]

[[package]]
name = "zkp-merkle-tree"
version = "0.1.0"
source = "registry+https://github.com/rust-lang/crates.io-index"
checksum = "c6e3389796289b537918b562889474a49775183ad6422a48a0d0c99209e68b51"
dependencies = [
 "crunchy",
 "hex",
 "itertools",
 "no-std-compat",
 "rayon",
 "zkp-error-utils",
 "zkp-hash",
 "zkp-mmap-vec",
]

[[package]]
name = "zkp-mmap-vec"
version = "0.1.0"
source = "registry+https://github.com/rust-lang/crates.io-index"
checksum = "305b31a66ba06cdecb98b3cf1e9000b4eca4595faffb3693d9b913fb548382d6"
dependencies = [
 "log",
 "memmap",
 "no-std-compat",
 "tempfile",
]

[[package]]
name = "zkp-primefield"
version = "0.1.1"
source = "registry+https://github.com/rust-lang/crates.io-index"
checksum = "9907ef394eb6d3934db9471c943d3e2fa0ad95a91e434fbf4c4aec3cf48ca624"
dependencies = [
 "crunchy",
 "hex",
 "itertools",
 "no-std-compat",
 "zkp-macros-decl",
 "zkp-u256",
]

[[package]]
name = "zkp-stark"
version = "0.1.2"
source = "registry+https://github.com/rust-lang/crates.io-index"
checksum = "932f0f4945e8a77c64907e9a7a3f80e786fb6338807fec0139fa5e225b3b1213"
dependencies = [
 "env_logger",
 "hex",
 "itertools",
 "lazy_static",
 "log",
 "no-std-compat",
 "rayon",
 "tiny-keccak",
 "zkp-elliptic-curve",
 "zkp-elliptic-curve-crypto",
 "zkp-hash",
 "zkp-logging-allocator",
 "zkp-macros-decl",
 "zkp-merkle-tree",
 "zkp-mmap-vec",
 "zkp-primefield",
 "zkp-u256",
]

[[package]]
name = "zkp-testing"
version = "0.1.0"
dependencies = [
 "zkp-stark",
]

[[package]]
name = "zkp-u256"
version = "0.1.1"
source = "registry+https://github.com/rust-lang/crates.io-index"
checksum = "f67c45ee669b94e4e2f95aa39701e007bd299ba36db07a7991eff6e0f4d1ec0b"
dependencies = [
 "crunchy",
 "hex",
 "itertools",
 "no-std-compat",
 "zkp-macros-decl",
]
