{
  "version": 4,
  "terraform_version": "1.2.6",
  "serial": 49,
  "lineage": "0824ca24-a0b5-c660-f709-e6fa084c364c",
  "outputs": {
    "bootstrap_nodes_ip_address": {
      "value": [
        "159.223.211.234",
        "146.190.232.131"
      ],
      "type": [
        "tuple",
        [
          "string",
          "string"
        ]
      ]
    },
    "testnet_nodes_ip_address": {
      "value": [
        "188.166.115.240",
        "167.99.33.222",
        "128.199.32.248",
        "134.209.87.125",
        "134.209.87.56",
        "134.209.87.99",
        "159.223.227.73"
      ],
      "type": [
        "tuple",
        [
          "string",
          "string",
          "string",
          "string",
          "string",
          "string",
          "string"
        ]
      ]
    }
  },
  "resources": [
    {
      "mode": "data",
      "type": "digitalocean_ssh_key",
      "name": "ursa-dev",
      "provider": "provider[\"registry.terraform.io/digitalocean/digitalocean\"]",
      "instances": [
        {
          "schema_version": 0,
          "attributes": {
            "fingerprint": "86:99:84:ac:54:47:74:f0:ad:19:9d:d6:a4:fc:e6:c1",
            "id": 35647909,
            "name": "ursa-dev",
            "public_key": "ssh-rsa AAAAB3NzaC1yc2EAAAADAQABAAABgQDNhelSFzGZYxD/0JcnYbBGrembE3L/7GsWVj8bN+g0auNiwuxMPusR13N0emCdO7uT5ahO9H66bYfYApseS3NdjtZyPTa0FM/YqQ+rNgL3xrFzWEujgm1YyfIg8aUiIQekCIemSeny+lW8UsRP0Wva+yzbUM2Yov2L8pst+ZKG3hsNpAdMvWulGaXmXQKeZBQI/wPbroisbSsRm9Nt/kqG08tg2JiRGelr+ZiXoojD3IX+IjQKvxGyOKPO/JirM2AE9UvSD+PVP+EbOqG4+eVDMyGQY7WTLBMeYjBm+LWAsN9TVV8oS/0JZgzn0lLBHTmaN1kaYoalEz86CgcbwdCKia+nzgpSfh0usvr64E+bjoL7/JFRnZI1jNy1vAn8/XesFufFAIrz/xwbI406nz5RY43xdLV38d0Vx/X7bPfwBBoeati1bU00pngV47KtfUEQvRkr/aN3uvlWnIr4Xr+dtRbG08n/2kR43Yqj441p/NhEJBz11KN9jMRe4EVHXbE= botch@192.168.1.180"
          },
          "sensitive_attributes": []
        }
      ]
    },
    {
      "mode": "managed",
      "type": "digitalocean_domain",
      "name": "default",
      "provider": "provider[\"registry.terraform.io/digitalocean/digitalocean\"]",
      "instances": [
        {
          "schema_version": 0,
          "attributes": {
            "id": "ursa.earth",
            "ip_address": null,
            "name": "ursa.earth",
            "ttl": 1800,
            "urn": "do:domain:ursa.earth"
          },
          "sensitive_attributes": [],
          "private": "eyJzY2hlbWFfdmVyc2lvbiI6IjAifQ=="
        }
      ]
    },
    {
      "mode": "managed",
      "type": "digitalocean_droplet",
      "name": "bootstrap-node",
      "provider": "provider[\"registry.terraform.io/digitalocean/digitalocean\"]",
      "instances": [
        {
          "index_key": 0,
          "schema_version": 1,
          "attributes": {
            "backups": false,
            "created_at": "2022-08-03T10:22:30Z",
            "disk": 80,
            "droplet_agent": null,
            "graceful_shutdown": false,
            "id": "311038995",
            "image": "docker-20-04",
            "ipv4_address": "159.223.211.234",
            "ipv4_address_private": "10.110.0.13",
            "ipv6": false,
            "ipv6_address": "",
            "locked": false,
            "memory": 4096,
            "monitoring": true,
            "name": "bootstrap-node-0",
            "price_hourly": 0.03571,
            "price_monthly": 24,
            "private_networking": true,
            "region": "ams3",
            "resize_disk": true,
            "size": "s-2vcpu-4gb",
            "ssh_keys": [
              "35647909"
            ],
            "status": "active",
            "tags": [],
            "urn": "do:droplet:311038995",
            "user_data": "6bbc1854a3f8551fcbc24d9907499c815fc6955f",
            "vcpus": 2,
            "volume_ids": [],
            "vpc_uuid": "98645c52-69a0-46f3-b169-7212b20f5061"
          },
          "sensitive_attributes": [],
          "private": "eyJzY2hlbWFfdmVyc2lvbiI6IjEifQ==",
          "dependencies": [
            "data.digitalocean_ssh_key.ursa-dev"
          ]
        },
        {
          "index_key": 1,
          "schema_version": 1,
          "attributes": {
            "backups": false,
            "created_at": "2022-08-03T10:22:30Z",
            "disk": 80,
            "droplet_agent": null,
            "graceful_shutdown": false,
            "id": "311038996",
            "image": "docker-20-04",
            "ipv4_address": "146.190.232.131",
            "ipv4_address_private": "10.110.0.14",
            "ipv6": false,
            "ipv6_address": "",
            "locked": false,
            "memory": 4096,
            "monitoring": true,
            "name": "bootstrap-node-1",
            "price_hourly": 0.03571,
            "price_monthly": 24,
            "private_networking": true,
            "region": "ams3",
            "resize_disk": true,
            "size": "s-2vcpu-4gb",
            "ssh_keys": [
              "35647909"
            ],
            "status": "active",
            "tags": [],
            "urn": "do:droplet:311038996",
            "user_data": "6bbc1854a3f8551fcbc24d9907499c815fc6955f",
            "vcpus": 2,
            "volume_ids": [],
            "vpc_uuid": "98645c52-69a0-46f3-b169-7212b20f5061"
          },
          "sensitive_attributes": [],
          "private": "eyJzY2hlbWFfdmVyc2lvbiI6IjEifQ==",
          "dependencies": [
            "data.digitalocean_ssh_key.ursa-dev"
          ]
        }
      ]
    },
    {
      "mode": "managed",
      "type": "digitalocean_droplet",
      "name": "testnet-node",
      "provider": "provider[\"registry.terraform.io/digitalocean/digitalocean\"]",
      "instances": [
        {
          "index_key": 0,
          "schema_version": 1,
          "attributes": {
            "backups": false,
            "created_at": "2022-08-02T23:52:33Z",
            "disk": 80,
            "droplet_agent": null,
            "graceful_shutdown": false,
            "id": "310977950",
            "image": "docker-20-04",
            "ipv4_address": "188.166.115.240",
            "ipv4_address_private": "10.110.0.3",
            "ipv6": false,
            "ipv6_address": "",
            "locked": false,
            "memory": 4096,
            "monitoring": true,
            "name": "testnet-node-0",
            "price_hourly": 0.03571,
            "price_monthly": 24,
            "private_networking": true,
            "region": "ams3",
            "resize_disk": true,
            "size": "s-2vcpu-4gb",
            "ssh_keys": [
              "35647909"
            ],
            "status": "active",
            "tags": [],
            "urn": "do:droplet:310977950",
            "user_data": "6bbc1854a3f8551fcbc24d9907499c815fc6955f",
            "vcpus": 2,
            "volume_ids": [],
            "vpc_uuid": "98645c52-69a0-46f3-b169-7212b20f5061"
          },
          "sensitive_attributes": [],
          "private": "eyJzY2hlbWFfdmVyc2lvbiI6IjEifQ==",
          "dependencies": [
            "data.digitalocean_ssh_key.ursa-dev"
          ]
        },
        {
          "index_key": 1,
          "schema_version": 1,
          "attributes": {
            "backups": false,
            "created_at": "2022-08-02T23:52:33Z",
            "disk": 80,
            "droplet_agent": null,
            "graceful_shutdown": false,
            "id": "310977952",
            "image": "docker-20-04",
            "ipv4_address": "167.99.33.222",
            "ipv4_address_private": "10.110.0.4",
            "ipv6": false,
            "ipv6_address": "",
            "locked": false,
            "memory": 4096,
            "monitoring": true,
            "name": "testnet-node-1",
            "price_hourly": 0.03571,
            "price_monthly": 24,
            "private_networking": true,
            "region": "ams3",
            "resize_disk": true,
            "size": "s-2vcpu-4gb",
            "ssh_keys": [
              "35647909"
            ],
            "status": "active",
            "tags": [],
            "urn": "do:droplet:310977952",
            "user_data": "6bbc1854a3f8551fcbc24d9907499c815fc6955f",
            "vcpus": 2,
            "volume_ids": [],
            "vpc_uuid": "98645c52-69a0-46f3-b169-7212b20f5061"
          },
          "sensitive_attributes": [],
          "private": "eyJzY2hlbWFfdmVyc2lvbiI6IjEifQ==",
          "dependencies": [
            "data.digitalocean_ssh_key.ursa-dev"
          ]
        },
        {
          "index_key": 2,
          "schema_version": 1,
          "attributes": {
            "backups": false,
            "created_at": "2022-08-02T23:52:33Z",
            "disk": 80,
            "droplet_agent": null,
            "graceful_shutdown": false,
            "id": "310977951",
            "image": "docker-20-04",
            "ipv4_address": "128.199.32.248",
            "ipv4_address_private": "10.110.0.7",
            "ipv6": false,
            "ipv6_address": "",
            "locked": false,
            "memory": 4096,
            "monitoring": true,
            "name": "testnet-node-2",
            "price_hourly": 0.03571,
            "price_monthly": 24,
            "private_networking": true,
            "region": "ams3",
            "resize_disk": true,
            "size": "s-2vcpu-4gb",
            "ssh_keys": [
              "35647909"
            ],
            "status": "active",
            "tags": [],
            "urn": "do:droplet:310977951",
            "user_data": "6bbc1854a3f8551fcbc24d9907499c815fc6955f",
            "vcpus": 2,
            "volume_ids": [],
            "vpc_uuid": "98645c52-69a0-46f3-b169-7212b20f5061"
          },
          "sensitive_attributes": [],
          "private": "eyJzY2hlbWFfdmVyc2lvbiI6IjEifQ==",
          "dependencies": [
            "data.digitalocean_ssh_key.ursa-dev"
          ]
        },
        {
          "index_key": 3,
          "schema_version": 1,
          "attributes": {
            "backups": false,
            "created_at": "2022-08-04T09:18:55Z",
            "disk": 80,
            "droplet_agent": null,
            "graceful_shutdown": false,
            "id": "311181193",
            "image": "docker-20-04",
            "ipv4_address": "134.209.87.125",
            "ipv4_address_private": "10.110.0.18",
            "ipv6": false,
            "ipv6_address": "",
            "locked": false,
            "memory": 4096,
            "monitoring": true,
            "name": "testnet-node-3",
            "price_hourly": 0.03571,
            "price_monthly": 24,
            "private_networking": true,
            "region": "ams3",
            "resize_disk": true,
            "size": "s-2vcpu-4gb",
            "ssh_keys": [
              "35647909"
            ],
            "status": "active",
            "tags": null,
            "urn": "do:droplet:311181193",
            "user_data": "6bbc1854a3f8551fcbc24d9907499c815fc6955f",
            "vcpus": 2,
            "volume_ids": [],
            "vpc_uuid": "98645c52-69a0-46f3-b169-7212b20f5061"
          },
          "sensitive_attributes": [],
          "private": "eyJzY2hlbWFfdmVyc2lvbiI6IjEifQ==",
          "dependencies": [
            "data.digitalocean_ssh_key.ursa-dev"
          ]
        },
        {
          "index_key": 4,
          "schema_version": 1,
          "attributes": {
            "backups": false,
            "created_at": "2022-08-04T09:18:55Z",
            "disk": 80,
            "droplet_agent": null,
            "graceful_shutdown": false,
            "id": "311181191",
            "image": "docker-20-04",
            "ipv4_address": "134.209.87.56",
            "ipv4_address_private": "10.110.0.16",
            "ipv6": false,
            "ipv6_address": "",
            "locked": false,
            "memory": 4096,
            "monitoring": true,
            "name": "testnet-node-4",
            "price_hourly": 0.03571,
            "price_monthly": 24,
            "private_networking": true,
            "region": "ams3",
            "resize_disk": true,
            "size": "s-2vcpu-4gb",
            "ssh_keys": [
              "35647909"
            ],
            "status": "active",
            "tags": null,
            "urn": "do:droplet:311181191",
            "user_data": "6bbc1854a3f8551fcbc24d9907499c815fc6955f",
            "vcpus": 2,
            "volume_ids": [],
            "vpc_uuid": "98645c52-69a0-46f3-b169-7212b20f5061"
          },
          "sensitive_attributes": [],
          "private": "eyJzY2hlbWFfdmVyc2lvbiI6IjEifQ==",
          "dependencies": [
            "data.digitalocean_ssh_key.ursa-dev"
          ]
        },
        {
          "index_key": 5,
          "schema_version": 1,
          "attributes": {
            "backups": false,
            "created_at": "2022-08-04T09:18:55Z",
            "disk": 80,
            "droplet_agent": null,
            "graceful_shutdown": false,
            "id": "311181192",
            "image": "docker-20-04",
            "ipv4_address": "134.209.87.99",
            "ipv4_address_private": "10.110.0.17",
            "ipv6": false,
            "ipv6_address": "",
            "locked": false,
            "memory": 4096,
            "monitoring": true,
            "name": "testnet-node-5",
            "price_hourly": 0.03571,
            "price_monthly": 24,
            "private_networking": true,
            "region": "ams3",
            "resize_disk": true,
            "size": "s-2vcpu-4gb",
            "ssh_keys": [
              "35647909"
            ],
            "status": "active",
            "tags": null,
            "urn": "do:droplet:311181192",
            "user_data": "6bbc1854a3f8551fcbc24d9907499c815fc6955f",
            "vcpus": 2,
            "volume_ids": [],
            "vpc_uuid": "98645c52-69a0-46f3-b169-7212b20f5061"
          },
          "sensitive_attributes": [],
          "private": "eyJzY2hlbWFfdmVyc2lvbiI6IjEifQ==",
          "dependencies": [
            "data.digitalocean_ssh_key.ursa-dev"
          ]
        },
        {
          "index_key": 6,
          "schema_version": 1,
          "attributes": {
            "backups": false,
            "created_at": "2022-08-04T09:18:54Z",
            "disk": 80,
            "droplet_agent": null,
            "graceful_shutdown": false,
            "id": "311181190",
            "image": "docker-20-04",
            "ipv4_address": "159.223.227.73",
            "ipv4_address_private": "10.110.0.15",
            "ipv6": false,
            "ipv6_address": "",
            "locked": false,
            "memory": 4096,
            "monitoring": true,
            "name": "testnet-node-6",
            "price_hourly": 0.03571,
            "price_monthly": 24,
            "private_networking": true,
            "region": "ams3",
            "resize_disk": true,
            "size": "s-2vcpu-4gb",
            "ssh_keys": [
              "35647909"
            ],
            "status": "active",
            "tags": null,
            "urn": "do:droplet:311181190",
            "user_data": "6bbc1854a3f8551fcbc24d9907499c815fc6955f",
            "vcpus": 2,
            "volume_ids": [],
            "vpc_uuid": "98645c52-69a0-46f3-b169-7212b20f5061"
          },
          "sensitive_attributes": [],
          "private": "eyJzY2hlbWFfdmVyc2lvbiI6IjEifQ==",
          "dependencies": [
            "data.digitalocean_ssh_key.ursa-dev"
          ]
        }
      ]
    },
    {
      "mode": "managed",
      "type": "digitalocean_firewall",
      "name": "ursa-network",
      "provider": "provider[\"registry.terraform.io/digitalocean/digitalocean\"]",
      "instances": [
        {
          "index_key": 0,
          "schema_version": 0,
          "attributes": {
            "created_at": "2022-08-03T10:23:43Z",
            "droplet_ids": [
              310977950,
              310977951,
              310977952,
              311038995,
              311038996,
              311181190,
              311181191,
              311181192,
              311181193
            ],
            "id": "3d7a2f80-2262-4bd5-8e29-7d741adb320c",
            "inbound_rule": [
              {
                "port_range": "22",
                "protocol": "tcp",
                "source_addresses": [
                  "0.0.0.0/0",
                  "::/0"
                ],
                "source_droplet_ids": [],
                "source_kubernetes_ids": [],
                "source_load_balancer_uids": [],
                "source_tags": []
              },
              {
                "port_range": "443",
                "protocol": "tcp",
                "source_addresses": [
                  "0.0.0.0/0",
                  "::/0"
                ],
                "source_droplet_ids": [],
                "source_kubernetes_ids": [],
                "source_load_balancer_uids": [],
                "source_tags": []
              },
              {
                "port_range": "6009",
                "protocol": "tcp",
                "source_addresses": [
                  "0.0.0.0/0",
                  "::/0"
                ],
                "source_droplet_ids": [],
                "source_kubernetes_ids": [],
                "source_load_balancer_uids": [],
                "source_tags": []
              },
              {
                "port_range": "80",
                "protocol": "tcp",
                "source_addresses": [
                  "0.0.0.0/0",
                  "::/0"
                ],
                "source_droplet_ids": [],
                "source_kubernetes_ids": [],
                "source_load_balancer_uids": [],
                "source_tags": []
              },
              {
                "port_range": null,
                "protocol": "icmp",
                "source_addresses": [
                  "0.0.0.0/0",
                  "::/0"
                ],
                "source_droplet_ids": [],
                "source_kubernetes_ids": [],
                "source_load_balancer_uids": [],
                "source_tags": []
              }
            ],
            "name": "ursa-network-only-allow-ssh-http-and-https",
            "outbound_rule": [
              {
                "destination_addresses": [
                  "0.0.0.0/0",
                  "::/0"
                ],
                "destination_droplet_ids": [],
                "destination_kubernetes_ids": [],
                "destination_load_balancer_uids": [],
                "destination_tags": [],
                "port_range": "",
                "protocol": "icmp"
              },
              {
                "destination_addresses": [
                  "0.0.0.0/0",
                  "::/0"
                ],
                "destination_droplet_ids": [],
                "destination_kubernetes_ids": [],
                "destination_load_balancer_uids": [],
                "destination_tags": [],
                "port_range": "1-65535",
                "protocol": "tcp"
              },
              {
                "destination_addresses": [
                  "0.0.0.0/0",
                  "::/0"
                ],
                "destination_droplet_ids": [],
                "destination_kubernetes_ids": [],
                "destination_load_balancer_uids": [],
                "destination_tags": [],
                "port_range": "1-65535",
                "protocol": "udp"
              }
            ],
            "pending_changes": [
              {
                "droplet_id": 310977950,
                "removing": false,
                "status": "waiting"
              },
              {
                "droplet_id": 310977951,
                "removing": false,
                "status": "waiting"
              },
              {
                "droplet_id": 310977952,
                "removing": false,
                "status": "waiting"
              },
              {
                "droplet_id": 311038995,
                "removing": false,
                "status": "waiting"
              },
              {
                "droplet_id": 311038996,
                "removing": false,
                "status": "waiting"
              },
              {
                "droplet_id": 311181190,
                "removing": false,
                "status": "waiting"
              },
              {
                "droplet_id": 311181191,
                "removing": false,
                "status": "waiting"
              },
              {
                "droplet_id": 311181192,
                "removing": false,
                "status": "waiting"
              },
              {
                "droplet_id": 311181193,
                "removing": false,
                "status": "waiting"
              }
            ],
            "status": "waiting",
            "tags": []
          },
          "sensitive_attributes": [],
          "private": "bnVsbA==",
          "dependencies": [
            "data.digitalocean_ssh_key.ursa-dev",
            "digitalocean_droplet.bootstrap-node",
            "digitalocean_droplet.testnet-node"
          ]
        }
      ]
    },
    {
      "mode": "managed",
      "type": "digitalocean_project",
      "name": "ursa-dev",
      "provider": "provider[\"registry.terraform.io/digitalocean/digitalocean\"]",
      "instances": [
        {
          "schema_version": 0,
          "attributes": {
            "created_at": "2022-08-02T23:52:32Z",
            "description": "Ursa testbed project",
            "environment": "Development",
            "id": "6756464d-40a5-4f00-a62d-2f796747aa87",
            "is_default": false,
            "name": "Ursa Testbed",
            "owner_id": 7654066,
            "owner_uuid": "09d26ce55d9523b15b852923b854e93d1ef9afe5",
            "purpose": "Nebula",
            "resources": [
              "do:domain:ursa.earth",
              "do:droplet:310977950",
              "do:droplet:310977951",
              "do:droplet:310977952",
              "do:droplet:311038995",
              "do:droplet:311038996"
            ],
            "updated_at": "2022-08-02T23:52:32Z"
          },
          "sensitive_attributes": [],
          "private": "bnVsbA=="
        }
      ]
    },
    {
      "mode": "managed",
      "type": "digitalocean_project_resources",
      "name": "bootstrap_droplets",
      "provider": "provider[\"registry.terraform.io/digitalocean/digitalocean\"]",
      "instances": [
        {
          "schema_version": 0,
          "attributes": {
            "id": "6756464d-40a5-4f00-a62d-2f796747aa87",
            "project": "6756464d-40a5-4f00-a62d-2f796747aa87",
            "resources": [
              "do:droplet:311038995",
              "do:droplet:311038996"
            ]
          },
          "sensitive_attributes": [],
          "private": "bnVsbA==",
          "dependencies": [
            "data.digitalocean_ssh_key.ursa-dev",
            "digitalocean_droplet.bootstrap-node",
            "digitalocean_project.ursa-dev"
          ]
        }
      ]
    },
    {
      "mode": "managed",
      "type": "digitalocean_project_resources",
      "name": "domain",
      "provider": "provider[\"registry.terraform.io/digitalocean/digitalocean\"]",
      "instances": [
        {
          "schema_version": 0,
          "attributes": {
            "id": "6756464d-40a5-4f00-a62d-2f796747aa87",
            "project": "6756464d-40a5-4f00-a62d-2f796747aa87",
            "resources": [
              "do:domain:ursa.earth"
            ]
          },
          "sensitive_attributes": [],
          "private": "bnVsbA==",
          "dependencies": [
            "digitalocean_domain.default",
            "digitalocean_project.ursa-dev"
          ]
        }
      ]
    },
    {
      "mode": "managed",
      "type": "digitalocean_project_resources",
      "name": "node_droplets",
      "provider": "provider[\"registry.terraform.io/digitalocean/digitalocean\"]",
      "instances": [
        {
          "schema_version": 0,
          "attributes": {
            "id": "6756464d-40a5-4f00-a62d-2f796747aa87",
            "project": "6756464d-40a5-4f00-a62d-2f796747aa87",
            "resources": [
              "do:droplet:310977950",
              "do:droplet:310977951",
              "do:droplet:310977952",
              "do:droplet:311181190",
              "do:droplet:311181191",
              "do:droplet:311181192",
              "do:droplet:311181193"
            ]
          },
          "sensitive_attributes": [],
          "private": "bnVsbA==",
          "dependencies": [
            "data.digitalocean_ssh_key.ursa-dev",
            "digitalocean_droplet.testnet-node",
            "digitalocean_project.ursa-dev"
          ]
        }
      ]
    },
    {
      "mode": "managed",
      "type": "digitalocean_record",
      "name": "static",
      "provider": "provider[\"registry.terraform.io/digitalocean/digitalocean\"]",
      "instances": [
        {
          "index_key": 0,
          "schema_version": 0,
          "attributes": {
            "domain": "ursa.earth",
            "flags": 0,
            "fqdn": "testnet-node-0.ursa.earth",
            "id": "328116204",
            "name": "testnet-node-0",
            "port": 0,
            "priority": 0,
            "tag": "",
            "ttl": 1800,
            "type": "A",
            "value": "188.166.115.240",
            "weight": 0
          },
          "sensitive_attributes": [],
          "private": "bnVsbA==",
          "dependencies": [
            "data.digitalocean_ssh_key.ursa-dev",
            "digitalocean_domain.default",
            "digitalocean_droplet.testnet-node"
          ]
        },
        {
          "index_key": 1,
          "schema_version": 0,
          "attributes": {
            "domain": "ursa.earth",
            "flags": 0,
            "fqdn": "testnet-node-1.ursa.earth",
            "id": "328116206",
            "name": "testnet-node-1",
            "port": 0,
            "priority": 0,
            "tag": "",
            "ttl": 1800,
            "type": "A",
            "value": "167.99.33.222",
            "weight": 0
          },
          "sensitive_attributes": [],
          "private": "bnVsbA==",
          "dependencies": [
            "data.digitalocean_ssh_key.ursa-dev",
            "digitalocean_domain.default",
            "digitalocean_droplet.testnet-node"
          ]
        },
        {
          "index_key": 2,
          "schema_version": 0,
          "attributes": {
            "domain": "ursa.earth",
            "flags": 0,
            "fqdn": "testnet-node-2.ursa.earth",
            "id": "328116205",
            "name": "testnet-node-2",
            "port": 0,
            "priority": 0,
            "tag": "",
            "ttl": 1800,
            "type": "A",
            "value": "128.199.32.248",
            "weight": 0
          },
          "sensitive_attributes": [],
          "private": "bnVsbA==",
          "dependencies": [
            "data.digitalocean_ssh_key.ursa-dev",
            "digitalocean_domain.default",
            "digitalocean_droplet.testnet-node"
          ]
        },
        {
          "index_key": 3,
          "schema_version": 0,
          "attributes": {
            "domain": "ursa.earth",
            "flags": 0,
            "fqdn": "testnet-node-3.ursa.earth",
            "id": "328401082",
            "name": "testnet-node-3",
            "port": 0,
            "priority": 0,
            "tag": "",
            "ttl": 1800,
            "type": "A",
            "value": "134.209.87.125",
            "weight": 0
          },
          "sensitive_attributes": [],
          "private": "bnVsbA==",
          "dependencies": [
            "data.digitalocean_ssh_key.ursa-dev",
            "digitalocean_domain.default",
            "digitalocean_droplet.testnet-node"
          ]
        },
        {
          "index_key": 4,
          "schema_version": 0,
          "attributes": {
            "domain": "ursa.earth",
            "flags": 0,
            "fqdn": "testnet-node-4.ursa.earth",
            "id": "328401081",
            "name": "testnet-node-4",
            "port": 0,
            "priority": 0,
            "tag": "",
            "ttl": 1800,
            "type": "A",
            "value": "134.209.87.56",
            "weight": 0
          },
          "sensitive_attributes": [],
          "private": "bnVsbA==",
          "dependencies": [
            "data.digitalocean_ssh_key.ursa-dev",
            "digitalocean_domain.default",
            "digitalocean_droplet.testnet-node"
          ]
        },
        {
          "index_key": 5,
          "schema_version": 0,
          "attributes": {
            "domain": "ursa.earth",
            "flags": 0,
            "fqdn": "testnet-node-5.ursa.earth",
            "id": "328401084",
            "name": "testnet-node-5",
            "port": 0,
            "priority": 0,
            "tag": "",
            "ttl": 1800,
            "type": "A",
            "value": "134.209.87.99",
            "weight": 0
          },
          "sensitive_attributes": [],
          "private": "bnVsbA==",
          "dependencies": [
            "data.digitalocean_ssh_key.ursa-dev",
            "digitalocean_domain.default",
            "digitalocean_droplet.testnet-node"
          ]
        },
        {
          "index_key": 6,
          "schema_version": 0,
          "attributes": {
            "domain": "ursa.earth",
            "flags": 0,
            "fqdn": "testnet-node-6.ursa.earth",
            "id": "328401080",
            "name": "testnet-node-6",
            "port": 0,
            "priority": 0,
            "tag": "",
            "ttl": 1800,
            "type": "A",
            "value": "159.223.227.73",
            "weight": 0
          },
          "sensitive_attributes": [],
          "private": "bnVsbA==",
          "dependencies": [
            "data.digitalocean_ssh_key.ursa-dev",
            "digitalocean_domain.default",
            "digitalocean_droplet.testnet-node"
          ]
        }
      ]
    }
  ]
}
